{
  "name": "CRD",
  "lockfileVersion": 3,
  "requires": true,
  "packages": {
    "": {
      "dependencies": {
        "wiremock": "^3.13.2"
      }
    },
    "node_modules/npm-java-runner": {
      "version": "2.0.0",
      "resolved": "https://registry.npmjs.org/npm-java-runner/-/npm-java-runner-2.0.0.tgz",
      "integrity": "sha512-vYkU45l0J6rNoXJdHHSPzmW9mpbBDR/RmO0w60tnJOmlW3Tki6J9lNK/OQq8EQZSsBe1U3NL9TgJKWL+2YeXxw==",
      "license": "Apache 2"
    },
    "node_modules/wiremock": {
      "version": "3.13.2",
      "resolved": "https://registry.npmjs.org/wiremock/-/wiremock-3.13.2.tgz",
      "integrity": "sha512-YkqP6qQhVS45/SjG1sz5rQXQp19NCWkEKygb2OJ5zGKsS5DYZTLYodkH6x5IFG43QtVyeSv1C5oes4Whg31flg==",
      "license": "Apache 2",
      "dependencies": {
        "npm-java-runner": "^2.0.0"
      },
      "bin": {
        "wiremock": "index.js"
      }
    }
  }
}
